
Microsoft Visual Studio Solution File, Format Version 12.00
# Visual Studio Version 17
VisualStudioVersion = 17.9.34728.123
MinimumVisualStudioVersion = 10.0.40219.1
Project("{9A19103F-16F7-4668-BE54-9A1E7A4F7556}") = "QueteSingleton", "QueteSingleton\QueteSingleton.csproj", "{211894CA-C9E8-48B5-B577-AC631FB6458A}"
EndProject
Global
	GlobalSection(SolutionConfigurationPlatforms) = preSolution
		Debug|Any CPU = Debug|Any CPU
		Release|Any CPU = Release|Any CPU
	EndGlobalSection
	GlobalSection(ProjectConfigurationPlatforms) = postSolution
		{211894CA-C9E8-48B5-B577-AC631FB6458A}.Debug|Any CPU.ActiveCfg = Debug|Any CPU
		{211894CA-C9E8-48B5-B577-AC631FB6458A}.Debug|Any CPU.Build.0 = Debug|Any CPU
		{211894CA-C9E8-48B5-B577-AC631FB6458A}.Release|Any CPU.ActiveCfg = Release|Any CPU
		{211894CA-C9E8-48B5-B577-AC631FB6458A}.Release|Any CPU.Build.0 = Release|Any CPU
	EndGlobalSection
	GlobalSection(SolutionProperties) = preSolution
		HideSolutionNode = FALSE
	EndGlobalSection
	GlobalSection(ExtensibilityGlobals) = postSolution
		SolutionGuid = {E641097D-AFBF-4B21-8743-91FE17824EFF}
	EndGlobalSection
EndGlobal
